
Microsoft Visual Studio Solution File, Format Version 12.00
# Visual Studio Version 17
VisualStudioVersion = 17.8.34004.107
MinimumVisualStudioVersion = 10.0.40219.1
Project("{9A19103F-16F7-4668-BE54-9A1E7A4F7556}") = "CleanArchWithCQRSandMediator.API", "CleanArchWithCQRSandMediator.API\CleanArchWithCQRSandMediator.API.csproj", "{0A16E167-80C6-4FFD-9559-3AC8EA24514A}"
EndProject
Project("{9A19103F-16F7-4668-BE54-9A1E7A4F7556}") = "CleanArchWithCQRSandMediator.Domain", "CleanArchWithCQRSandMediator.Domain\CleanArchWithCQRSandMediator.Domain.csproj", "{E0084140-5B8F-450D-84C4-262C470733D6}"
EndProject
Project("{9A19103F-16F7-4668-BE54-9A1E7A4F7556}") = "CleanArchWithCQRSandMediator.Application", "CleanArchWithCQRSandMediator.Application\CleanArchWithCQRSandMediator.Application.csproj", "{9CB052D9-99C7-4D1D-A657-811F90A9F0EE}"
EndProject
Project("{9A19103F-16F7-4668-BE54-9A1E7A4F7556}") = "CleanArchWithCQRSandMediator.Infra", "CleanArchWithCQRSandMediator.Infra\CleanArchWithCQRSandMediator.Infra.csproj", "{B42284B0-766A-4B82-9EB1-B4C796412F93}"
EndProject
Global
	GlobalSection(SolutionConfigurationPlatforms) = preSolution
		Debug|Any CPU = Debug|Any CPU
		Release|Any CPU = Release|Any CPU
	EndGlobalSection
	GlobalSection(ProjectConfigurationPlatforms) = postSolution
		{0A16E167-80C6-4FFD-9559-3AC8EA24514A}.Debug|Any CPU.ActiveCfg = Debug|Any CPU
		{0A16E167-80C6-4FFD-9559-3AC8EA24514A}.Debug|Any CPU.Build.0 = Debug|Any CPU
		{0A16E167-80C6-4FFD-9559-3AC8EA24514A}.Release|Any CPU.ActiveCfg = Release|Any CPU
		{0A16E167-80C6-4FFD-9559-3AC8EA24514A}.Release|Any CPU.Build.0 = Release|Any CPU
		{E0084140-5B8F-450D-84C4-262C470733D6}.Debug|Any CPU.ActiveCfg = Debug|Any CPU
		{E0084140-5B8F-450D-84C4-262C470733D6}.Debug|Any CPU.Build.0 = Debug|Any CPU
		{E0084140-5B8F-450D-84C4-262C470733D6}.Release|Any CPU.ActiveCfg = Release|Any CPU
		{E0084140-5B8F-450D-84C4-262C470733D6}.Release|Any CPU.Build.0 = Release|Any CPU
		{9CB052D9-99C7-4D1D-A657-811F90A9F0EE}.Debug|Any CPU.ActiveCfg = Debug|Any CPU
		{9CB052D9-99C7-4D1D-A657-811F90A9F0EE}.Debug|Any CPU.Build.0 = Debug|Any CPU
		{9CB052D9-99C7-4D1D-A657-811F90A9F0EE}.Release|Any CPU.ActiveCfg = Release|Any CPU
		{9CB052D9-99C7-4D1D-A657-811F90A9F0EE}.Release|Any CPU.Build.0 = Release|Any CPU
		{B42284B0-766A-4B82-9EB1-B4C796412F93}.Debug|Any CPU.ActiveCfg = Debug|Any CPU
		{B42284B0-766A-4B82-9EB1-B4C796412F93}.Debug|Any CPU.Build.0 = Debug|Any CPU
		{B42284B0-766A-4B82-9EB1-B4C796412F93}.Release|Any CPU.ActiveCfg = Release|Any CPU
		{B42284B0-766A-4B82-9EB1-B4C796412F93}.Release|Any CPU.Build.0 = Release|Any CPU
	EndGlobalSection
	GlobalSection(SolutionProperties) = preSolution
		HideSolutionNode = FALSE
	EndGlobalSection
	GlobalSection(ExtensibilityGlobals) = postSolution
		SolutionGuid = {A3C85902-E1BB-4709-B03C-7A1C054F9B85}
	EndGlobalSection
EndGlobal
